// !$*UTF8*$!
{
	archiveVersion = 1;
	classes = {
	};
	objectVersion = 110;
	objects = {

/* Begin PBXContainerItemProxy section */
		FE34517330079741008A0112 /* PBXContainerItemProxy */ = {
			isa = PBXContainerItemProxy;
			containerPortal = FE34515B30079741008A0112 /* Project object */;
			proxyType = 1;
			remoteGlobalIDString = FE34516230079741008A0112;
			remoteInfo = SaotomeManga;
		};
		FE34517D30079741008A0112 /* PBXContainerItemProxy */ = {
			isa = PBXContainerItemProxy;
			containerPortal = FE34515B30079741008A0112 /* Project object */;
			proxyType = 1;
			remoteGlobalIDString = FE34516230079741008A0112;
			remoteInfo = SaotomeManga;
		};
/* End PBXContainerItemProxy section */

/* Begin PBXFileReference section */
		FE56FD5D300C20D100DEC850 /* Debug.xcconfig */ = {isa = PBXFileReference; lastKnownFileType = text.xcconfig; path = Debug.xcconfig; sourceTree = "<group>"; };
		FE56FD5E300C20D100DEC850 /* Release.xcconfig */ = {isa = PBXFileReference; lastKnownFileType = text.xcconfig; path = Release.xcconfig; sourceTree = "<group>"; };
		FE34516330079741008A0112 /* SaotomeManga.app */ = {isa = PBXFileReference; explicitFileType = wrapper.application; includeInIndex = 0; path = SaotomeManga.app; sourceTree = BUILT_PRODUCTS_DIR; };
		FE34517230079741008A0112 /* SaotomeMangaTests.xctest */ = {isa = PBXFileReference; explicitFileType = wrapper.cfbundle; includeInIndex = 0; path = SaotomeMangaTests.xctest; sourceTree = BUILT_PRODUCTS_DIR; };
		FE34517C30079741008A0112 /* SaotomeMangaUITests.xctest */ = {isa = PBXFileReference; explicitFileType = wrapper.cfbundle; includeInIndex = 0; path = SaotomeMangaUITests.xctest; sourceTree = BUILT_PRODUCTS_DIR; };
/* End PBXFileReference section */

/* Begin PBXFileSystemSynchronizedRootGroup section */
		FE34516530079741008A0112 /* SaotomeManga */ = {
			isa = PBXFileSystemSynchronizedRootGroup;
			path = SaotomeManga;
			sourceTree = "<group>";
		};
		FE34517530079741008A0112 /* SaotomeMangaTests */ = {
			isa = PBXFileSystemSynchronizedRootGroup;
			path = SaotomeMangaTests;
			sourceTree = "<group>";
		};
		FE34517F30079741008A0112 /* SaotomeMangaUITests */ = {
			isa = PBXFileSystemSynchronizedRootGroup;
			path = SaotomeMangaUITests;
			sourceTree = "<group>";
		};
/* End PBXFileSystemSynchronizedRootGroup section */

/* Begin PBXFrameworksBuildPhase section */
		FE34516030079741008A0112 /* Frameworks */ = {
			isa = PBXFrameworksBuildPhase;
			files = (
			);
		};
		FE34516F30079741008A0112 /* Frameworks */ = {
			isa = PBXFrameworksBuildPhase;
			files = (
			);
		};
		FE34517930079741008A0112 /* Frameworks */ = {
			isa = PBXFrameworksBuildPhase;
			files = (
			);
		};
/* End PBXFrameworksBuildPhase section */

/* Begin PBXGroup section */
		FE34515A30079741008A0112 = {
			isa = PBXGroup;
			children = (
				FE34516530079741008A0112 /* SaotomeManga */,
				FE34517530079741008A0112 /* SaotomeMangaTests */,
				FE34517F30079741008A0112 /* SaotomeMangaUITests */,
				FE56FD5F300C20D100DEC850 /* Config */,
				FE34516430079741008A0112 /* Products */,
			);
			sourceTree = "<group>";
		};
		FE34516430079741008A0112 /* Products */ = {
			isa = PBXGroup;
			children = (
				FE34516330079741008A0112 /* SaotomeManga.app */,
				FE34517230079741008A0112 /* SaotomeMangaTests.xctest */,
				FE34517C30079741008A0112 /* SaotomeMangaUITests.xctest */,
			);
			name = Products;
			sourceTree = "<group>";
		};
		FE56FD5F300C20D100DEC850 /* Config */ = {
			isa = PBXGroup;
			children = (
				FE56FD5D300C20D100DEC850 /* Debug.xcconfig */,
				FE56FD5E300C20D100DEC850 /* Release.xcconfig */,
			);
			path = Config;
			sourceTree = "<group>";
		};
/* End PBXGroup section */

/* Begin PBXNativeTarget section */
		FE34516230079741008A0112 /* SaotomeManga */ = {
			isa = PBXNativeTarget;
			buildConfigurationList = FE34518430079741008A0112 /* Build configuration list for PBXNativeTarget "SaotomeManga" */;
			buildPhases = (
				FE34515F30079741008A0112 /* Sources */,
				FE34516030079741008A0112 /* Frameworks */,
				FE34516130079741008A0112 /* Resources */,
			);
			buildRules = (
			);
			fileSystemSynchronizedGroups = (
				FE34516530079741008A0112 /* SaotomeManga */,
			);
			name = SaotomeManga;
			productName = SaotomeManga;
			productReference = FE34516330079741008A0112 /* SaotomeManga.app */;
			productType = "com.apple.product-type.application";
		};
		FE34517130079741008A0112 /* SaotomeMangaTests */ = {
			isa = PBXNativeTarget;
			buildConfigurationList = FE34518730079741008A0112 /* Build configuration list for PBXNativeTarget "SaotomeMangaTests" */;
			buildPhases = (
				FE34516E30079741008A0112 /* Sources */,
				FE34516F30079741008A0112 /* Frameworks */,
				FE34517030079741008A0112 /* Resources */,
			);
			buildRules = (
			);
			dependencies = (
				FE34517430079741008A0112 /* PBXTargetDependency */,
			);
			fileSystemSynchronizedGroups = (
				FE34517530079741008A0112 /* SaotomeMangaTests */,
			);
			name = SaotomeMangaTests;
			productName = SaotomeMangaTests;
			productReference = FE34517230079741008A0112 /* SaotomeMangaTests.xctest */;
			productType = "com.apple.product-type.bundle.unit-test";
		};
		FE34517B30079741008A0112 /* SaotomeMangaUITests */ = {
			isa = PBXNativeTarget;
			buildConfigurationList = FE34518A30079741008A0112 /* Build configuration list for PBXNativeTarget "SaotomeMangaUITests" */;
			buildPhases = (
				FE34517830079741008A0112 /* Sources */,
				FE34517930079741008A0112 /* Frameworks */,
				FE34517A30079741008A0112 /* Resources */,
			);
			buildRules = (
			);
			dependencies = (
				FE34517E30079741008A0112 /* PBXTargetDependency */,
			);
			fileSystemSynchronizedGroups = (
				FE34517F30079741008A0112 /* SaotomeMangaUITests */,
			);
			name = SaotomeMangaUITests;
			productName = SaotomeMangaUITests;
			productReference = FE34517C30079741008A0112 /* SaotomeMangaUITests.xctest */;
			productType = "com.apple.product-type.bundle.ui-testing";
		};
/* End PBXNativeTarget section */

/* Begin PBXProject section */
		FE34515B30079741008A0112 /* Project object */ = {
			isa = PBXProject;
			attributes = {
				BuildIndependentTargetsInParallel = 1;
				LastSwiftUpdateCheck = 2700;
				LastUpgradeCheck = 2700;
				TargetAttributes = {
					FE34516230079741008A0112 = {
						CreatedOnToolsVersion = 27.0;
					};
					FE34517130079741008A0112 = {
						CreatedOnToolsVersion = 27.0;
						TestTargetID = FE34516230079741008A0112;
					};
					FE34517B30079741008A0112 = {
						CreatedOnToolsVersion = 27.0;
						TestTargetID = FE34516230079741008A0112;
					};
				};
			};
			buildConfigurationList = FE34515E30079741008A0112 /* Build configuration list for PBXProject "SaotomeManga" */;
			developmentRegion = en;
			hasScannedForEncodings = 0;
			knownRegions = (
				en,
				Base,
				"es-419",
			);
			mainGroup = FE34515A30079741008A0112;
			minimizedProjectReferenceProxies = 1;
			packageReferences = (
			);
			preferredProjectObjectVersion = 77;
			productRefGroup = FE34516430079741008A0112 /* Products */;
			projectDirPath = "";
			projectRoot = "";
			targets = (
				FE34516230079741008A0112 /* SaotomeManga */,
				FE34517130079741008A0112 /* SaotomeMangaTests */,
				FE34517B30079741008A0112 /* SaotomeMangaUITests */,
			);
		};
/* End PBXProject section */

/* Begin PBXResourcesBuildPhase section */
		FE34516130079741008A0112 /* Resources */ = {
			isa = PBXResourcesBuildPhase;
			files = (
			);
		};
		FE34517030079741008A0112 /* Resources */ = {
			isa = PBXResourcesBuildPhase;
			files = (
			);
		};
		FE34517A30079741008A0112 /* Resources */ = {
			isa = PBXResourcesBuildPhase;
			files = (
			);
		};
/* End PBXResourcesBuildPhase section */

/* Begin PBXSourcesBuildPhase section */
		FE34515F30079741008A0112 /* Sources */ = {
			isa = PBXSourcesBuildPhase;
			files = (
			);
		};
		FE34516E30079741008A0112 /* Sources */ = {
			isa = PBXSourcesBuildPhase;
			files = (
			);
		};
		FE34517830079741008A0112 /* Sources */ = {
			isa = PBXSourcesBuildPhase;
			files = (
			);
		};
/* End PBXSourcesBuildPhase section */

/* Begin PBXTargetDependency section */
		FE34517430079741008A0112 /* PBXTargetDependency */ = {
			isa = PBXTargetDependency;
			target = FE34516230079741008A0112 /* SaotomeManga */;
			targetProxy = FE34517330079741008A0112 /* PBXContainerItemProxy */;
		};
		FE34517E30079741008A0112 /* PBXTargetDependency */ = {
			isa = PBXTargetDependency;
			target = FE34516230079741008A0112 /* SaotomeManga */;
			targetProxy = FE34517D30079741008A0112 /* PBXContainerItemProxy */;
		};
/* End PBXTargetDependency section */

/* Begin XCBuildConfiguration section */
		FE34518230079741008A0112 /* Debug configuration for PBXProject "SaotomeManga" */ = {
			isa = XCBuildConfiguration;
			baseConfigurationReference = FE56FD5D300C20D100DEC850 /* Debug.xcconfig */;
			buildSettings = {
				ALWAYS_SEARCH_USER_PATHS = NO;
				ASSETCATALOG_COMPILER_GENERATE_SWIFT_ASSET_SYMBOL_EXTENSIONS = YES;
				CLANG_ANALYZER_NONNULL = YES;
				CLANG_ANALYZER_NUMBER_OBJECT_CONVERSION = YES_AGGRESSIVE;
				CLANG_CXX_LANGUAGE_STANDARD = "gnu++20";
				CLANG_ENABLE_MODULES = YES;
				CLANG_ENABLE_OBJC_ARC = YES;
				CLANG_ENABLE_OBJC_WEAK = YES;
				CLANG_WARN_BLOCK_CAPTURE_AUTORELEASING = YES;
				CLANG_WARN_BOOL_CONVERSION = YES;
				CLANG_WARN_COMMA = YES;
				CLANG_WARN_CONSTANT_CONVERSION = YES;
				CLANG_WARN_DEPRECATED_OBJC_IMPLEMENTATIONS = YES;
				CLANG_WARN_DIRECT_OBJC_ISA_USAGE = YES_ERROR;
				CLANG_WARN_DOCUMENTATION_COMMENTS = YES;
				CLANG_WARN_EMPTY_BODY = YES;
				CLANG_WARN_ENUM_CONVERSION = YES;
				CLANG_WARN_INFINITE_RECURSION = YES;
				CLANG_WARN_INT_CONVERSION = YES;
				CLANG_WARN_NON_LITERAL_NULL_CONVERSION = YES;
				CLANG_WARN_OBJC_IMPLICIT_RETAIN_SELF = YES;
				CLANG_WARN_OBJC_LITERAL_CONVERSION = YES;
				CLANG_WARN_OBJC_ROOT_CLASS = YES_ERROR;
				CLANG_WARN_QUOTED_INCLUDE_IN_FRAMEWORK_HEADER = YES;
				CLANG_WARN_RANGE_LOOP_ANALYSIS = YES;
				CLANG_WARN_STRICT_PROTOTYPES = YES;
				CLANG_WARN_SUSPICIOUS_MOVE = YES;
				CLANG_WARN_UNGUARDED_AVAILABILITY = YES_AGGRESSIVE;
				CLANG_WARN_UNREACHABLE_CODE = YES;
				CLANG_WARN__DUPLICATE_METHOD_MATCH = YES;
				COPY_PHASE_STRIP = NO;
				DEBUG_INFORMATION_FORMAT = dwarf;
				DEVELOPMENT_TEAM = NT7J23RCPK;
				ENABLE_STRICT_OBJC_MSGSEND = YES;
				ENABLE_TESTABILITY = YES;
				ENABLE_USER_SCRIPT_SANDBOXING = YES;
				GCC_C_LANGUAGE_STANDARD = gnu17;
				GCC_DYNAMIC_NO_PIC = NO;
				GCC_NO_COMMON_BLOCKS = YES;
				GCC_OPTIMIZATION_LEVEL = 0;
				GCC_PREPROCESSOR_DEFINITIONS = (
					"DEBUG=1",
					"$(inherited)",
				);
				GCC_WARN_64_TO_32_BIT_CONVERSION = YES;
				GCC_WARN_ABOUT_RETURN_TYPE = YES_ERROR;
				GCC_WARN_UNDECLARED_SELECTOR = YES;
				GCC_WARN_UNINITIALIZED_AUTOS = YES_AGGRESSIVE;
				GCC_WARN_UNUSED_FUNCTION = YES;
				GCC_WARN_UNUSED_VARIABLE = YES;
				IPHONEOS_DEPLOYMENT_TARGET = 27.0;
				LOCALIZATION_PREFERS_STRING_CATALOGS = YES;
				MTL_ENABLE_DEBUG_INFO = INCLUDE_SOURCE;
				MTL_FAST_MATH = YES;
				ONLY_ACTIVE_ARCH = YES;
				SDKROOT = iphoneos;
				SWIFT_ACTIVE_COMPILATION_CONDITIONS = "DEBUG $(inherited)";
				SWIFT_OPTIMIZATION_LEVEL = "-Onone";
			};
			name = Debug;
		};
		FE34518330079741008A0112 /* Release configuration for PBXProject "SaotomeManga" */ = {
			isa = XCBuildConfiguration;
			baseConfigurationReference = FE56FD5E300C20D100DEC850 /* Release.xcconfig */;
			buildSettings = {
				ALWAYS_SEARCH_USER_PATHS = NO;
				ASSETCATALOG_COMPILER_GENERATE_SWIFT_ASSET_SYMBOL_EXTENSIONS = YES;
				CLANG_ANALYZER_NONNULL = YES;
				CLANG_ANALYZER_NUMBER_OBJECT_CONVERSION = YES_AGGRESSIVE;
				CLANG_CXX_LANGUAGE_STANDARD = "gnu++20";
				CLANG_ENABLE_MODULES = YES;
				CLANG_ENABLE_OBJC_ARC = YES;
				CLANG_ENABLE_OBJC_WEAK = YES;
				CLANG_WARN_BLOCK_CAPTURE_AUTORELEASING = YES;
				CLANG_WARN_BOOL_CONVERSION = YES;
				CLANG_WARN_COMMA = YES;
				CLANG_WARN_CONSTANT_CONVERSION = YES;
				CLANG_WARN_DEPRECATED_OBJC_IMPLEMENTATIONS = YES;
				CLANG_WARN_DIRECT_OBJC_ISA_USAGE = YES_ERROR;
				CLANG_WARN_DOCUMENTATION_COMMENTS = YES;
				CLANG_WARN_EMPTY_BODY = YES;
				CLANG_WARN_ENUM_CONVERSION = YES;
				CLANG_WARN_INFINITE_RECURSION = YES;
				CLANG_WARN_INT_CONVERSION = YES;
				CLANG_WARN_NON_LITERAL_NULL_CONVERSION = YES;
				CLANG_WARN_OBJC_IMPLICIT_RETAIN_SELF = YES;
				CLANG_WARN_OBJC_LITERAL_CONVERSION = YES;
				CLANG_WARN_OBJC_ROOT_CLASS = YES_ERROR;
				CLANG_WARN_QUOTED_INCLUDE_IN_FRAMEWORK_HEADER = YES;
				CLANG_WARN_RANGE_LOOP_ANALYSIS = YES;
				CLANG_WARN_STRICT_PROTOTYPES = YES;
				CLANG_WARN_SUSPICIOUS_MOVE = YES;
				CLANG_WARN_UNGUARDED_AVAILABILITY = YES_AGGRESSIVE;
				CLANG_WARN_UNREACHABLE_CODE = YES;
				CLANG_WARN__DUPLICATE_METHOD_MATCH = YES;
				COPY_PHASE_STRIP = NO;
				DEBUG_INFORMATION_FORMAT = "dwarf-with-dsym";
				DEVELOPMENT_TEAM = NT7J23RCPK;
				ENABLE_NS_ASSERTIONS = NO;
				ENABLE_STRICT_OBJC_MSGSEND = YES;
				ENABLE_USER_SCRIPT_SANDBOXING = YES;
				GCC_C_LANGUAGE_STANDARD = gnu17;
				GCC_NO_COMMON_BLOCKS = YES;
				GCC_WARN_64_TO_32_BIT_CONVERSION = YES;
				GCC_WARN_ABOUT_RETURN_TYPE = YES_ERROR;
				GCC_WARN_UNDECLARED_SELECTOR = YES;
				GCC_WARN_UNINITIALIZED_AUTOS = YES_AGGRESSIVE;
				GCC_WARN_UNUSED_FUNCTION = YES;
				GCC_WARN_UNUSED_VARIABLE = YES;
				IPHONEOS_DEPLOYMENT_TARGET = 27.0;
				LOCALIZATION_PREFERS_STRING_CATALOGS = YES;
				MTL_ENABLE_DEBUG_INFO = NO;
				MTL_FAST_MATH = YES;
				SDKROOT = iphoneos;
				SWIFT_COMPILATION_MODE = wholemodule;
				VALIDATE_PRODUCT = YES;
			};
			name = Release;
		};
		FE34518530079741008A0112 /* Debug configuration for PBXNativeTarget "SaotomeManga" */ = {
			isa = XCBuildConfiguration;
			buildSettings = {
				ASSETCATALOG_COMPILER_APPICON_NAME = AppIcon;
				ASSETCATALOG_COMPILER_GLOBAL_ACCENT_COLOR_NAME = AccentColor;
				CODE_SIGN_STYLE = Automatic;
				CURRENT_PROJECT_VERSION = 1;
				DEVELOPMENT_TEAM = NT7J23RCPK;
				ENABLE_PREVIEWS = YES;
				GENERATE_INFOPLIST_FILE = YES;
				INFOPLIST_FILE = "Config/App-Info.plist";
				INFOPLIST_KEY_CFBundleDisplayName = Saotome;
				INFOPLIST_KEY_LSApplicationCategoryType = "public.app-category.books";
				INFOPLIST_KEY_UIApplicationSceneManifest_Generation = YES;
				INFOPLIST_KEY_UIApplicationSupportsIndirectInputEvents = YES;
				INFOPLIST_KEY_UILaunchScreen_Generation = YES;
				INFOPLIST_KEY_UISupportedInterfaceOrientations = UIInterfaceOrientationPortrait;
				INFOPLIST_KEY_UISupportedInterfaceOrientations_iPad = "UIInterfaceOrientationLandscapeLeft UIInterfaceOrientationLandscapeRight UIInterfaceOrientationPortrait UIInterfaceOrientationPortraitUpsideDown";
				IPHONEOS_DEPLOYMENT_TARGET = 26.0;
				LD_RUNPATH_SEARCH_PATHS = (
					"$(inherited)",
					"@executable_path/Frameworks",
				);
				MARKETING_VERSION = 1.0;
				PRODUCT_BUNDLE_IDENTIFIER = cloud.manuelalvarez.SaotomeManga;
				PRODUCT_NAME = "$(TARGET_NAME)";
				STRING_CATALOG_GENERATE_SYMBOLS = YES;
				SUPPORTED_PLATFORMS = "iphoneos iphonesimulator xros xrsimulator";
				SUPPORTS_MACCATALYST = NO;
				SUPPORTS_MAC_DESIGNED_FOR_IPHONE_IPAD = NO;
				SUPPORTS_XR_DESIGNED_FOR_IPHONE_IPAD = NO;
				SWIFT_APPROACHABLE_CONCURRENCY = YES;
				SWIFT_DEFAULT_ACTOR_ISOLATION = nonisolated;
				SWIFT_EMIT_LOC_STRINGS = YES;
				SWIFT_TREAT_WARNINGS_AS_ERRORS = YES;
				SWIFT_UPCOMING_FEATURE_MEMBER_IMPORT_VISIBILITY = YES;
				SWIFT_VERSION = 6.0;
				TARGETED_DEVICE_FAMILY = "1,2,7";
			};
			name = Debug;
		};
		FE34518630079741008A0112 /* Release configuration for PBXNativeTarget "SaotomeManga" */ = {
			isa = XCBuildConfiguration;
			buildSettings = {
				ASSETCATALOG_COMPILER_APPICON_NAME = AppIcon;
				ASSETCATALOG_COMPILER_GLOBAL_ACCENT_COLOR_NAME = AccentColor;
				CODE_SIGN_STYLE = Automatic;
				CURRENT_PROJECT_VERSION = 1;
				DEVELOPMENT_TEAM = NT7J23RCPK;
				ENABLE_PREVIEWS = YES;
				GENERATE_INFOPLIST_FILE = YES;
				INFOPLIST_FILE = "Config/App-Info.plist";
				INFOPLIST_KEY_CFBundleDisplayName = Saotome;
				INFOPLIST_KEY_LSApplicationCategoryType = "public.app-category.books";
				INFOPLIST_KEY_UIApplicationSceneManifest_Generation = YES;
				INFOPLIST_KEY_UIApplicationSupportsIndirectInputEvents = YES;
				INFOPLIST_KEY_UILaunchScreen_Generation = YES;
				INFOPLIST_KEY_UISupportedInterfaceOrientations = UIInterfaceOrientationPortrait;
				INFOPLIST_KEY_UISupportedInterfaceOrientations_iPad = "UIInterfaceOrientationLandscapeLeft UIInterfaceOrientationLandscapeRight UIInterfaceOrientationPortrait UIInterfaceOrientationPortraitUpsideDown";
				IPHONEOS_DEPLOYMENT_TARGET = 26.0;
				LD_RUNPATH_SEARCH_PATHS = (
					"$(inherited)",
					"@executable_path/Frameworks",
				);
				MARKETING_VERSION = 1.0;
				PRODUCT_BUNDLE_IDENTIFIER = cloud.manuelalvarez.SaotomeManga;
				PRODUCT_NAME = "$(TARGET_NAME)";
				STRING_CATALOG_GENERATE_SYMBOLS = YES;
				SUPPORTED_PLATFORMS = "iphoneos iphonesimulator xros xrsimulator";
				SUPPORTS_MACCATALYST = NO;
				SUPPORTS_MAC_DESIGNED_FOR_IPHONE_IPAD = NO;
				SUPPORTS_XR_DESIGNED_FOR_IPHONE_IPAD = NO;
				SWIFT_APPROACHABLE_CONCURRENCY = YES;
				SWIFT_DEFAULT_ACTOR_ISOLATION = nonisolated;
				SWIFT_EMIT_LOC_STRINGS = YES;
				SWIFT_TREAT_WARNINGS_AS_ERRORS = YES;
				SWIFT_UPCOMING_FEATURE_MEMBER_IMPORT_VISIBILITY = YES;
				SWIFT_VERSION = 6.0;
				TARGETED_DEVICE_FAMILY = "1,2,7";
			};
			name = Release;
		};
		FE34518830079741008A0112 /* Debug configuration for PBXNativeTarget "SaotomeMangaTests" */ = {
			isa = XCBuildConfiguration;
			buildSettings = {
				BUNDLE_LOADER = "$(TEST_HOST)";
				CODE_SIGN_STYLE = Automatic;
				CURRENT_PROJECT_VERSION = 1;
				DEVELOPMENT_TEAM = NT7J23RCPK;
				GENERATE_INFOPLIST_FILE = YES;
				IPHONEOS_DEPLOYMENT_TARGET = 27.0;
				MARKETING_VERSION = 1.0;
				PRODUCT_BUNDLE_IDENTIFIER = cloud.manuelalvarez.SaotomeMangaTests;
				PRODUCT_NAME = "$(TARGET_NAME)";
				STRING_CATALOG_GENERATE_SYMBOLS = NO;
				SUPPORTED_PLATFORMS = "iphoneos iphonesimulator xros xrsimulator";
				SWIFT_APPROACHABLE_CONCURRENCY = YES;
				SWIFT_EMIT_LOC_STRINGS = NO;
				SWIFT_TREAT_WARNINGS_AS_ERRORS = YES;
				SWIFT_UPCOMING_FEATURE_MEMBER_IMPORT_VISIBILITY = YES;
				SWIFT_VERSION = 6.0;
				TARGETED_DEVICE_FAMILY = "1,2,7";
				TEST_HOST = "$(BUILT_PRODUCTS_DIR)/SaotomeManga.app/$(BUNDLE_EXECUTABLE_FOLDER_PATH)/SaotomeManga";
			};
			name = Debug;
		};
		FE34518930079741008A0112 /* Release configuration for PBXNativeTarget "SaotomeMangaTests" */ = {
			isa = XCBuildConfiguration;
			buildSettings = {
				BUNDLE_LOADER = "$(TEST_HOST)";
				CODE_SIGN_STYLE = Automatic;
				CURRENT_PROJECT_VERSION = 1;
				DEVELOPMENT_TEAM = NT7J23RCPK;
				GENERATE_INFOPLIST_FILE = YES;
				IPHONEOS_DEPLOYMENT_TARGET = 27.0;
				MARKETING_VERSION = 1.0;
				PRODUCT_BUNDLE_IDENTIFIER = cloud.manuelalvarez.SaotomeMangaTests;
				PRODUCT_NAME = "$(TARGET_NAME)";
				STRING_CATALOG_GENERATE_SYMBOLS = NO;
				SUPPORTED_PLATFORMS = "iphoneos iphonesimulator xros xrsimulator";
				SWIFT_APPROACHABLE_CONCURRENCY = YES;
				SWIFT_EMIT_LOC_STRINGS = NO;
				SWIFT_TREAT_WARNINGS_AS_ERRORS = YES;
				SWIFT_UPCOMING_FEATURE_MEMBER_IMPORT_VISIBILITY = YES;
				SWIFT_VERSION = 6.0;
				TARGETED_DEVICE_FAMILY = "1,2,7";
				TEST_HOST = "$(BUILT_PRODUCTS_DIR)/SaotomeManga.app/$(BUNDLE_EXECUTABLE_FOLDER_PATH)/SaotomeManga";
			};
			name = Release;
		};
		FE34518B30079741008A0112 /* Debug configuration for PBXNativeTarget "SaotomeMangaUITests" */ = {
			isa = XCBuildConfiguration;
			buildSettings = {
				CODE_SIGN_STYLE = Automatic;
				CURRENT_PROJECT_VERSION = 1;
				DEVELOPMENT_TEAM = NT7J23RCPK;
				GENERATE_INFOPLIST_FILE = YES;
				MARKETING_VERSION = 1.0;
				PRODUCT_BUNDLE_IDENTIFIER = cloud.manuelalvarez.SaotomeMangaUITests;
				PRODUCT_NAME = "$(TARGET_NAME)";
				STRING_CATALOG_GENERATE_SYMBOLS = NO;
				SUPPORTED_PLATFORMS = "iphoneos iphonesimulator xros xrsimulator";
				SWIFT_APPROACHABLE_CONCURRENCY = YES;
				SWIFT_EMIT_LOC_STRINGS = NO;
				SWIFT_TREAT_WARNINGS_AS_ERRORS = YES;
				SWIFT_UPCOMING_FEATURE_MEMBER_IMPORT_VISIBILITY = YES;
				SWIFT_VERSION = 6.0;
				TARGETED_DEVICE_FAMILY = "1,2,7";
				TEST_TARGET_NAME = SaotomeManga;
			};
			name = Debug;
		};
		FE34518C30079741008A0112 /* Release configuration for PBXNativeTarget "SaotomeMangaUITests" */ = {
			isa = XCBuildConfiguration;
			buildSettings = {
				CODE_SIGN_STYLE = Automatic;
				CURRENT_PROJECT_VERSION = 1;
				DEVELOPMENT_TEAM = NT7J23RCPK;
				GENERATE_INFOPLIST_FILE = YES;
				MARKETING_VERSION = 1.0;
				PRODUCT_BUNDLE_IDENTIFIER = cloud.manuelalvarez.SaotomeMangaUITests;
				PRODUCT_NAME = "$(TARGET_NAME)";
				STRING_CATALOG_GENERATE_SYMBOLS = NO;
				SUPPORTED_PLATFORMS = "iphoneos iphonesimulator xros xrsimulator";
				SWIFT_APPROACHABLE_CONCURRENCY = YES;
				SWIFT_EMIT_LOC_STRINGS = NO;
				SWIFT_TREAT_WARNINGS_AS_ERRORS = YES;
				SWIFT_UPCOMING_FEATURE_MEMBER_IMPORT_VISIBILITY = YES;
				SWIFT_VERSION = 6.0;
				TARGETED_DEVICE_FAMILY = "1,2,7";
				TEST_TARGET_NAME = SaotomeManga;
			};
			name = Release;
		};
/* End XCBuildConfiguration section */

/* Begin XCConfigurationList section */
		FE34515E30079741008A0112 /* Build configuration list for PBXProject "SaotomeManga" */ = {
			isa = XCConfigurationList;
			buildConfigurations = (
				FE34518230079741008A0112 /* Debug configuration for PBXProject "SaotomeManga" */,
				FE34518330079741008A0112 /* Release configuration for PBXProject "SaotomeManga" */,
			);
			defaultConfigurationName = Release;
		};
		FE34518430079741008A0112 /* Build configuration list for PBXNativeTarget "SaotomeManga" */ = {
			isa = XCConfigurationList;
			buildConfigurations = (
				FE34518530079741008A0112 /* Debug configuration for PBXNativeTarget "SaotomeManga" */,
				FE34518630079741008A0112 /* Release configuration for PBXNativeTarget "SaotomeManga" */,
			);
			defaultConfigurationName = Release;
		};
		FE34518730079741008A0112 /* Build configuration list for PBXNativeTarget "SaotomeMangaTests" */ = {
			isa = XCConfigurationList;
			buildConfigurations = (
				FE34518830079741008A0112 /* Debug configuration for PBXNativeTarget "SaotomeMangaTests" */,
				FE34518930079741008A0112 /* Release configuration for PBXNativeTarget "SaotomeMangaTests" */,
			);
			defaultConfigurationName = Release;
		};
		FE34518A30079741008A0112 /* Build configuration list for PBXNativeTarget "SaotomeMangaUITests" */ = {
			isa = XCConfigurationList;
			buildConfigurations = (
				FE34518B30079741008A0112 /* Debug configuration for PBXNativeTarget "SaotomeMangaUITests" */,
				FE34518C30079741008A0112 /* Release configuration for PBXNativeTarget "SaotomeMangaUITests" */,
			);
			defaultConfigurationName = Release;
		};
/* End XCConfigurationList section */
	};
	rootObject = FE34515B30079741008A0112 /* Project object */;
	validationLevel = 1;
}
